
Microsoft Visual Studio Solution File, Format Version 12.00
# Visual Studio Version 17
VisualStudioVersion = 17.2.32630.192
MinimumVisualStudioVersion = 10.0.40219.1
Project("{FAE04EC0-301F-11D3-BF4B-00C04F79EFBC}") = "RRWebTest", "RRWebTest\RRWebTest.csproj", "{2EF6ECA2-950D-40F9-8A5B-1938550921DA}"
EndProject
Global
	GlobalSection(SolutionConfigurationPlatforms) = preSolution
		Debug|Any CPU = Debug|Any CPU
		Release|Any CPU = Release|Any CPU
	EndGlobalSection
	GlobalSection(ProjectConfigurationPlatforms) = postSolution
		{2EF6ECA2-950D-40F9-8A5B-1938550921DA}.Debug|Any CPU.ActiveCfg = Debug|Any CPU
		{2EF6ECA2-950D-40F9-8A5B-1938550921DA}.Debug|Any CPU.Build.0 = Debug|Any CPU
		{2EF6ECA2-950D-40F9-8A5B-1938550921DA}.Release|Any CPU.ActiveCfg = Release|Any CPU
		{2EF6ECA2-950D-40F9-8A5B-1938550921DA}.Release|Any CPU.Build.0 = Release|Any CPU
	EndGlobalSection
	GlobalSection(SolutionProperties) = preSolution
		HideSolutionNode = FALSE
	EndGlobalSection
	GlobalSection(ExtensibilityGlobals) = postSolution
		SolutionGuid = {8DDB2242-8366-4576-A67D-1C330231BCFB}
	EndGlobalSection
EndGlobal
